// !$*UTF8*$!
{
	archiveVersion = 1;
	classes = {
	};
	objectVersion = 46;
	objects = {

/* Begin PBXBuildFile section */
		06208E021C734B35009FB4F9 /* SettingsViewController.swift in Sources */ = {isa = PBXBuildFile; fileRef = 06208E011C734B35009FB4F9 /* SettingsViewController.swift */; };
		06E1496E1C6C7E8300A05191 /* AppDelegate.swift in Sources */ = {isa = PBXBuildFile; fileRef = 06E1496D1C6C7E8300A05191 /* AppDelegate.swift */; };
		06E149701C6C7E8300A05191 /* TipsViewController.swift in Sources */ = {isa = PBXBuildFile; fileRef = 06E1496F1C6C7E8300A05191 /* TipsViewController.swift */; };
		06E149731C6C7E8300A05191 /* Main.storyboard in Resources */ = {isa = PBXBuildFile; fileRef = 06E149711C6C7E8300A05191 /* Main.storyboard */; };
		06E149751C6C7E8300A05191 /* Assets.xcassets in Resources */ = {isa = PBXBuildFile; fileRef = 06E149741C6C7E8300A05191 /* Assets.xcassets */; };
		06E149781C6C7E8300A05191 /* LaunchScreen.storyboard in Resources */ = {isa = PBXBuildFile; fileRef = 06E149761C6C7E8300A05191 /* LaunchScreen.storyboard */; };
		06E149831C6C7E8300A05191 /* tipsTests.swift in Sources */ = {isa = PBXBuildFile; fileRef = 06E149821C6C7E8300A05191 /* tipsTests.swift */; };
/* End PBXBuildFile section */

/* Begin PBXContainerItemProxy section */
		06E1497F1C6C7E8300A05191 /* PBXContainerItemProxy */ = {
			isa = PBXContainerItemProxy;
			containerPortal = 06E149621C6C7E8200A05191 /* Project object */;
			proxyType = 1;
			remoteGlobalIDString = 06E149691C6C7E8200A05191;
			remoteInfo = tips;
		};
/* End PBXContainerItemProxy section */

/* Begin PBXFileReference section */
		06208E011C734B35009FB4F9 /* SettingsViewController.swift */ = {isa = PBXFileReference; fileEncoding = 4; lastKnownFileType = sourcecode.swift; path = SettingsViewController.swift; sourceTree = "<group>"; };
		06E1496A1C6C7E8300A05191 /* tips.app */ = {isa = PBXFileReference; explicitFileType = wrapper.application; includeInIndex = 0; path = tips.app; sourceTree = BUILT_PRODUCTS_DIR; };
		06E1496D1C6C7E8300A05191 /* AppDelegate.swift */ = {isa = PBXFileReference; lastKnownFileType = sourcecode.swift; path = AppDelegate.swift; sourceTree = "<group>"; };
		06E1496F1C6C7E8300A05191 /* TipsViewController.swift */ = {isa = PBXFileReference; lastKnownFileType = sourcecode.swift; path = TipsViewController.swift; sourceTree = "<group>"; };
		06E149721C6C7E8300A05191 /* Base */ = {isa = PBXFileReference; lastKnownFileType = file.storyboard; name = Base; path = Base.lproj/Main.storyboard; sourceTree = "<group>"; };
		06E149741C6C7E8300A05191 /* Assets.xcassets */ = {isa = PBXFileReference; lastKnownFileType = folder.assetcatalog; path = Assets.xcassets; sourceTree = "<group>"; };
		06E149771C6C7E8300A05191 /* Base */ = {isa = PBXFileReference; lastKnownFileType = file.storyboard; name = Base; path = Base.lproj/LaunchScreen.storyboard; sourceTree = "<group>"; };
		06E149791C6C7E8300A05191 /* Info.plist */ = {isa = PBXFileReference; lastKnownFileType = text.plist.xml; path = Info.plist; sourceTree = "<group>"; };
		06E1497E1C6C7E8300A05191 /* tipsTests.xctest */ = {isa = PBXFileReference; explicitFileType = wrapper.cfbundle; includeInIndex = 0; path = tipsTests.xctest; sourceTree = BUILT_PRODUCTS_DIR; };
		06E149821C6C7E8300A05191 /* tipsTests.swift */ = {isa = PBXFileReference; lastKnownFileType = sourcecode.swift; path = tipsTests.swift; sourceTree = "<group>"; };
		06E149841C6C7E8300A05191 /* Info.plist */ = {isa = PBXFileReference; lastKnownFileType = text.plist.xml; path = Info.plist; sourceTree = "<group>"; };
/* End PBXFileReference section */

/* Begin PBXFrameworksBuildPhase section */
		06E149671C6C7E8200A05191 /* Frameworks */ = {
			isa = PBXFrameworksBuildPhase;
			buildActionMask = 2147483647;
			files = (
			);
			runOnlyForDeploymentPostprocessing = 0;
		};
		06E1497B1C6C7E8300A05191 /* Frameworks */ = {
			isa = PBXFrameworksBuildPhase;
			buildActionMask = 2147483647;
			files = (
			);
			runOnlyForDeploymentPostprocessing = 0;
		};
/* End PBXFrameworksBuildPhase section */

/* Begin PBXGroup section */
		06E149611C6C7E8200A05191 = {
			isa = PBXGroup;
			children = (
				06E1496C1C6C7E8300A05191 /* tips */,
				06E149811C6C7E8300A05191 /* tipsTests */,
				06E1496B1C6C7E8300A05191 /* Products */,
			);
			sourceTree = "<group>";
		};
		06E1496B1C6C7E8300A05191 /* Products */ = {
			isa = PBXGroup;
			children = (
				06E1496A1C6C7E8300A05191 /* tips.app */,
				06E1497E1C6C7E8300A05191 /* tipsTests.xctest */,
			);
			name = Products;
			sourceTree = "<group>";
		};
		06E1496C1C6C7E8300A05191 /* tips */ = {
			isa = PBXGroup;
			children = (
				06E1496D1C6C7E8300A05191 /* AppDelegate.swift */,
				06E1496F1C6C7E8300A05191 /* TipsViewController.swift */,
				06208E011C734B35009FB4F9 /* SettingsViewController.swift */,
				06E149711C6C7E8300A05191 /* Main.storyboard */,
				06E149741C6C7E8300A05191 /* Assets.xcassets */,
				06E149761C6C7E8300A05191 /* LaunchScreen.storyboard */,
				06E149791C6C7E8300A05191 /* Info.plist */,
			);
			path = tips;
			sourceTree = "<group>";
		};
		06E149811C6C7E8300A05191 /* tipsTests */ = {
			isa = PBXGroup;
			children = (
				06E149821C6C7E8300A05191 /* tipsTests.swift */,
				06E149841C6C7E8300A05191 /* Info.plist */,
			);
			path = tipsTests;
			sourceTree = "<group>";
		};
/* End PBXGroup section */

/* Begin PBXNativeTarget section */
		06E149691C6C7E8200A05191 /* tips */ = {
			isa = PBXNativeTarget;
			buildConfigurationList = 06E149871C6C7E8300A05191 /* Build configuration list for PBXNativeTarget "tips" */;
			buildPhases = (
				06E149661C6C7E8200A05191 /* Sources */,
				06E149671C6C7E8200A05191 /* Frameworks */,
				06E149681C6C7E8200A05191 /* Resources */,
			);
			buildRules = (
			);
			dependencies = (
			);
			name = tips;
			productName = tips;
			productReference = 06E1496A1C6C7E8300A05191 /* tips.app */;
			productType = "com.apple.product-type.application";
		};
		06E1497D1C6C7E8300A05191 /* tipsTests */ = {
			isa = PBXNativeTarget;
			buildConfigurationList = 06E1498A1C6C7E8300A05191 /* Build configuration list for PBXNativeTarget "tipsTests" */;
			buildPhases = (
				06E1497A1C6C7E8300A05191 /* Sources */,
				06E1497B1C6C7E8300A05191 /* Frameworks */,
				06E1497C1C6C7E8300A05191 /* Resources */,
			);
			buildRules = (
			);
			dependencies = (
				06E149801C6C7E8300A05191 /* PBXTargetDependency */,
			);
			name = tipsTests;
			productName = tipsTests;
			productReference = 06E1497E1C6C7E8300A05191 /* tipsTests.xctest */;
			productType = "com.apple.product-type.bundle.unit-test";
		};
/* End PBXNativeTarget section */

/* Begin PBXProject section */
		06E149621C6C7E8200A05191 /* Project object */ = {
			isa = PBXProject;
			attributes = {
				LastSwiftUpdateCheck = 0720;
				LastUpgradeCheck = 0720;
				ORGANIZATIONNAME = "Nhat Truong";
				TargetAttributes = {
					06E149691C6C7E8200A05191 = {
						CreatedOnToolsVersion = 7.2.1;
						DevelopmentTeam = T34HEQQ8ZH;
					};
					06E1497D1C6C7E8300A05191 = {
						CreatedOnToolsVersion = 7.2.1;
						DevelopmentTeam = T34HEQQ8ZH;
						TestTargetID = 06E149691C6C7E8200A05191;
					};
				};
			};
			buildConfigurationList = 06E149651C6C7E8200A05191 /* Build configuration list for PBXProject "tips" */;
			compatibilityVersion = "Xcode 3.2";
			developmentRegion = English;
			hasScannedForEncodings = 0;
			knownRegions = (
				en,
				Base,
			);
			mainGroup = 06E149611C6C7E8200A05191;
			productRefGroup = 06E1496B1C6C7E8300A05191 /* Products */;
			projectDirPath = "";
			projectRoot = "";
			targets = (
				06E149691C6C7E8200A05191 /* tips */,
				06E1497D1C6C7E8300A05191 /* tipsTests */,
			);
		};
/* End PBXProject section */

/* Begin PBXResourcesBuildPhase section */
		06E149681C6C7E8200A05191 /* Resources */ = {
			isa = PBXResourcesBuildPhase;
			buildActionMask = 2147483647;
			files = (
				06E149781C6C7E8300A05191 /* LaunchScreen.storyboard in Resources */,
				06E149751C6C7E8300A05191 /* Assets.xcassets in Resources */,
				06E149731C6C7E8300A05191 /* Main.storyboard in Resources */,
			);
			runOnlyForDeploymentPostprocessing = 0;
		};
		06E1497C1C6C7E8300A05191 /* Resources */ = {
			isa = PBXResourcesBuildPhase;
			buildActionMask = 2147483647;
			files = (
			);
			runOnlyForDeploymentPostprocessing = 0;
		};
/* End PBXResourcesBuildPhase section */

/* Begin PBXSourcesBuildPhase section */
		06E149661C6C7E8200A05191 /* Sources */ = {
			isa = PBXSourcesBuildPhase;
			buildActionMask = 2147483647;
			files = (
				06E149701C6C7E8300A05191 /* TipsViewController.swift in Sources */,
				06E1496E1C6C7E8300A05191 /* AppDelegate.swift in Sources */,
				06208E021C734B35009FB4F9 /* SettingsViewController.swift in Sources */,
			);
			runOnlyForDeploymentPostprocessing = 0;
		};
		06E1497A1C6C7E8300A05191 /* Sources */ = {
			isa = PBXSourcesBuildPhase;
			buildActionMask = 2147483647;
			files = (
				06E149831C6C7E8300A05191 /* tipsTests.swift in Sources */,
			);
			runOnlyForDeploymentPostprocessing = 0;
		};
/* End PBXSourcesBuildPhase section */

/* Begin PBXTargetDependency section */
		06E149801C6C7E8300A05191 /* PBXTargetDependency */ = {
			isa = PBXTargetDependency;
			target = 06E149691C6C7E8200A05191 /* tips */;
			targetProxy = 06E1497F1C6C7E8300A05191 /* PBXContainerItemProxy */;
		};
/* End PBXTargetDependency section */

/* Begin PBXVariantGroup section */
		06E149711C6C7E8300A05191 /* Main.storyboard */ = {
			isa = PBXVariantGroup;
			children = (
				06E149721C6C7E8300A05191 /* Base */,
			);
			name = Main.storyboard;
			sourceTree = "<group>";
		};
		06E149761C6C7E8300A05191 /* LaunchScreen.storyboard */ = {
			isa = PBXVariantGroup;
			children = (
				06E149771C6C7E8300A05191 /* Base */,
			);
			name = LaunchScreen.storyboard;
			sourceTree = "<group>";
		};
/* End PBXVariantGroup section */

/* Begin XCBuildConfiguration section */
		06E149851C6C7E8300A05191 /* Debug */ = {
			isa = XCBuildConfiguration;
			buildSettings = {
				ALWAYS_SEARCH_USER_PATHS = NO;
				CLANG_CXX_LANGUAGE_STANDARD = "gnu++0x";
				CLANG_CXX_LIBRARY = "libc++";
				CLANG_ENABLE_MODULES = YES;
				CLANG_ENABLE_OBJC_ARC = YES;
				CLANG_WARN_BOOL_CONVERSION = YES;
				CLANG_WARN_CONSTANT_CONVERSION = YES;
				CLANG_WARN_DIRECT_OBJC_ISA_USAGE = YES_ERROR;
				CLANG_WARN_EMPTY_BODY = YES;
				CLANG_WARN_ENUM_CONVERSION = YES;
				CLANG_WARN_INT_CONVERSION = YES;
				CLANG_WARN_OBJC_ROOT_CLASS = YES_ERROR;
				CLANG_WARN_UNREACHABLE_CODE = YES;
				CLANG_WARN__DUPLICATE_METHOD_MATCH = YES;
				"CODE_SIGN_IDENTITY[sdk=iphoneos*]" = "iPhone Developer";
				COPY_PHASE_STRIP = NO;
				DEBUG_INFORMATION_FORMAT = dwarf;
				ENABLE_STRICT_OBJC_MSGSEND = YES;
				ENABLE_TESTABILITY = YES;
				GCC_C_LANGUAGE_STANDARD = gnu99;
				GCC_DYNAMIC_NO_PIC = NO;
				GCC_NO_COMMON_BLOCKS = YES;
				GCC_OPTIMIZATION_LEVEL = 0;
				GCC_PREPROCESSOR_DEFINITIONS = (
					"DEBUG=1",
					"$(inherited)",
				);
				GCC_WARN_64_TO_32_BIT_CONVERSION = YES;
				GCC_WARN_ABOUT_RETURN_TYPE = YES_ERROR;
				GCC_WARN_UNDECLARED_SELECTOR = YES;
				GCC_WARN_UNINITIALIZED_AUTOS = YES_AGGRESSIVE;
				GCC_WARN_UNUSED_FUNCTION = YES;
				GCC_WARN_UNUSED_VARIABLE = YES;
				IPHONEOS_DEPLOYMENT_TARGET = 9.2;
				MTL_ENABLE_DEBUG_INFO = YES;
				ONLY_ACTIVE_ARCH = YES;
				SDKROOT = iphoneos;
				SWIFT_OPTIMIZATION_LEVEL = "-Onone";
			};
			name = Debug;
		};
		06E149861C6C7E8300A05191 /* Release */ = {
			isa = XCBuildConfiguration;
			buildSettings = {
				ALWAYS_SEARCH_USER_PATHS = NO;
				CLANG_CXX_LANGUAGE_STANDARD = "gnu++0x";
				CLANG_CXX_LIBRARY = "libc++";
				CLANG_ENABLE_MODULES = YES;
				CLANG_ENABLE_OBJC_ARC = YES;
				CLANG_WARN_BOOL_CONVERSION = YES;
				CLANG_WARN_CONSTANT_CONVERSION = YES;
				CLANG_WARN_DIRECT_OBJC_ISA_USAGE = YES_ERROR;
				CLANG_WARN_EMPTY_BODY = YES;
				CLANG_WARN_ENUM_CONVERSION = YES;
				CLANG_WARN_INT_CONVERSION = YES;
				CLANG_WARN_OBJC_ROOT_CLASS = YES_ERROR;
				CLANG_WARN_UNREACHABLE_CODE = YES;
				CLANG_WARN__DUPLICATE_METHOD_MATCH = YES;
				"CODE_SIGN_IDENTITY[sdk=iphoneos*]" = "iPhone Developer";
				COPY_PHASE_STRIP = NO;
				DEBUG_INFORMATION_FORMAT = "dwarf-with-dsym";
				ENABLE_NS_ASSERTIONS = NO;
				ENABLE_STRICT_OBJC_MSGSEND = YES;
				GCC_C_LANGUAGE_STANDARD = gnu99;
				GCC_NO_COMMON_BLOCKS = YES;
				GCC_WARN_64_TO_32_BIT_CONVERSION = YES;
				GCC_WARN_ABOUT_RETURN_TYPE = YES_ERROR;
				GCC_WARN_UNDECLARED_SELECTOR = YES;
				GCC_WARN_UNINITIALIZED_AUTOS = YES_AGGRESSIVE;
				GCC_WARN_UNUSED_FUNCTION = YES;
				GCC_WARN_UNUSED_VARIABLE = YES;
				IPHONEOS_DEPLOYMENT_TARGET = 9.2;
				MTL_ENABLE_DEBUG_INFO = NO;
				SDKROOT = iphoneos;
				VALIDATE_PRODUCT = YES;
			};
			name = Release;
		};
		06E149881C6C7E8300A05191 /* Debug */ = {
			isa = XCBuildConfiguration;
			buildSettings = {
				ASSETCATALOG_COMPILER_APPICON_NAME = AppIcon;
				INFOPLIST_FILE = tips/Info.plist;
				LD_RUNPATH_SEARCH_PATHS = "$(inherited) @executable_path/Frameworks";
				PRODUCT_BUNDLE_IDENTIFIER = com.nhattruong.tips;
				PRODUCT_NAME = "$(TARGET_NAME)";
			};
			name = Debug;
		};
		06E149891C6C7E8300A05191 /* Release */ = {
			isa = XCBuildConfiguration;
			buildSettings = {
				ASSETCATALOG_COMPILER_APPICON_NAME = AppIcon;
				INFOPLIST_FILE = tips/Info.plist;
				LD_RUNPATH_SEARCH_PATHS = "$(inherited) @executable_path/Frameworks";
				PRODUCT_BUNDLE_IDENTIFIER = com.nhattruong.tips;
				PRODUCT_NAME = "$(TARGET_NAME)";
			};
			name = Release;
		};
		06E1498B1C6C7E8300A05191 /* Debug */ = {
			isa = XCBuildConfiguration;
			buildSettings = {
				BUNDLE_LOADER = "$(TEST_HOST)";
				INFOPLIST_FILE = tipsTests/Info.plist;
				LD_RUNPATH_SEARCH_PATHS = "$(inherited) @executable_path/Frameworks @loader_path/Frameworks";
				PRODUCT_BUNDLE_IDENTIFIER = com.nhattruong.tipsTests;
				PRODUCT_NAME = "$(TARGET_NAME)";
				TEST_HOST = "$(BUILT_PRODUCTS_DIR)/tips.app/tips";
			};
			name = Debug;
		};
		06E1498C1C6C7E8300A05191 /* Release */ = {
			isa = XCBuildConfiguration;
			buildSettings = {
				BUNDLE_LOADER = "$(TEST_HOST)";
				INFOPLIST_FILE = tipsTests/Info.plist;
				LD_RUNPATH_SEARCH_PATHS = "$(inherited) @executable_path/Frameworks @loader_path/Frameworks";
				PRODUCT_BUNDLE_IDENTIFIER = com.nhattruong.tipsTests;
				PRODUCT_NAME = "$(TARGET_NAME)";
				TEST_HOST = "$(BUILT_PRODUCTS_DIR)/tips.app/tips";
			};
			name = Release;
		};
/* End XCBuildConfiguration section */

/* Begin XCConfigurationList section */
		06E149651C6C7E8200A05191 /* Build configuration list for PBXProject "tips" */ = {
			isa = XCConfigurationList;
			buildConfigurations = (
				06E149851C6C7E8300A05191 /* Debug */,
				06E149861C6C7E8300A05191 /* Release */,
			);
			defaultConfigurationIsVisible = 0;
			defaultConfigurationName = Release;
		};
		06E149871C6C7E8300A05191 /* Build configuration list for PBXNativeTarget "tips" */ = {
			isa = XCConfigurationList;
			buildConfigurations = (
				06E149881C6C7E8300A05191 /* Debug */,
				06E149891C6C7E8300A05191 /* Release */,
			);
			defaultConfigurationIsVisible = 0;
			defaultConfigurationName = Release;
		};
		06E1498A1C6C7E8300A05191 /* Build configuration list for PBXNativeTarget "tipsTests" */ = {
			isa = XCConfigurationList;
			buildConfigurations = (
				06E1498B1C6C7E8300A05191 /* Debug */,
				06E1498C1C6C7E8300A05191 /* Release */,
			);
			defaultConfigurationIsVisible = 0;
			defaultConfigurationName = Release;
		};
/* End XCConfigurationList section */
	};
	rootObject = 06E149621C6C7E8200A05191 /* Project object */;
}
